
Microsoft Visual Studio Solution File, Format Version 12.00
# Visual Studio Version 17
VisualStudioVersion = 17.2.32519.379
MinimumVisualStudioVersion = 10.0.40219.1
Project("{9A19103F-16F7-4668-BE54-9A1E7A4F7556}") = "Employee", "Employee\Employee.csproj", "{ECC63FD1-C5F0-4EFE-9C3A-DE0C6BB4FB98}"
EndProject
Global
	GlobalSection(SolutionConfigurationPlatforms) = preSolution
		Debug|Any CPU = Debug|Any CPU
		Release|Any CPU = Release|Any CPU
	EndGlobalSection
	GlobalSection(ProjectConfigurationPlatforms) = postSolution
		{ECC63FD1-C5F0-4EFE-9C3A-DE0C6BB4FB98}.Debug|Any CPU.ActiveCfg = Debug|Any CPU
		{ECC63FD1-C5F0-4EFE-9C3A-DE0C6BB4FB98}.Debug|Any CPU.Build.0 = Debug|Any CPU
		{ECC63FD1-C5F0-4EFE-9C3A-DE0C6BB4FB98}.Release|Any CPU.ActiveCfg = Release|Any CPU
		{ECC63FD1-C5F0-4EFE-9C3A-DE0C6BB4FB98}.Release|Any CPU.Build.0 = Release|Any CPU
	EndGlobalSection
	GlobalSection(SolutionProperties) = preSolution
		HideSolutionNode = FALSE
	EndGlobalSection
	GlobalSection(ExtensibilityGlobals) = postSolution
		SolutionGuid = {7BD5F6FB-D825-4AA0-8AAC-A2D397259F46}
	EndGlobalSection
EndGlobal
